<Solution>
  <Folder Name="/Frontend/">
    <File Path="assets/order.js" />
    <File Path="assets/quote.js" />
    <File Path="assets/track.js" />
    <File Path="src/Niobium.Store.IntegrationTests/test/store.e2e.test.js" />
  </Folder>
  <Folder Name="/Infrastructures/">
    <File Path="infra/function-app.bicep" />
    <File Path="infra/main.bicep" />
    <File Path="infra/main.bicepparam" />
    <File Path="infra/RBAC.bicep" />
    <File Path="infra/service-bus.bicep" />
  </Folder>
  <Folder Name="/Pipelines/">
    <File Path=".github/workflows/azure-deploy.yml" />
    <File Path=".github/workflows/package-publish.yml" />
  </Folder>
  <Project Path="src/Niobium.Store.Contracts/Niobium.Store.Contracts.csproj" />
  <Project Path="src/Niobium.Store.Core.Tests/Niobium.Store.Core.Tests.csproj" />
  <Project Path="src/Niobium.Store.Core/Niobium.Store.Core.csproj" />
  <Project Path="src/Niobium.Store.Server/Niobium.Store.Server.csproj" />
</Solution>
